// !$*UTF8*$!
{
	archiveVersion = 1;
	classes = {
	};
	objectVersion = 46;
	objects = {

/* Begin PBXBuildFile section */
		A012571D1CF608BB0040275E /* AppDelegate.swift in Sources */ = {isa = PBXBuildFile; fileRef = A012571C1CF608BB0040275E /* AppDelegate.swift */; };
		A012571F1CF608BB0040275E /* LoginViewController.swift in Sources */ = {isa = PBXBuildFile; fileRef = A012571E1CF608BB0040275E /* LoginViewController.swift */; };
		A01257221CF608BB0040275E /* Main.storyboard in Resources */ = {isa = PBXBuildFile; fileRef = A01257201CF608BB0040275E /* Main.storyboard */; };
		A01257241CF608BB0040275E /* Assets.xcassets in Resources */ = {isa = PBXBuildFile; fileRef = A01257231CF608BB0040275E /* Assets.xcassets */; };
		A01257271CF608BB0040275E /* LaunchScreen.storyboard in Resources */ = {isa = PBXBuildFile; fileRef = A01257251CF608BB0040275E /* LaunchScreen.storyboard */; };
		A01257321CF7BE120040275E /* UClient.swift in Sources */ = {isa = PBXBuildFile; fileRef = A01257311CF7BE120040275E /* UClient.swift */; };
		A03650FC1CFA104700DBA6A7 /* MapTabViewController.swift in Sources */ = {isa = PBXBuildFile; fileRef = A03650FB1CFA104700DBA6A7 /* MapTabViewController.swift */; };
		A03650FE1CFA128600DBA6A7 /* GCDBlackBox.swift in Sources */ = {isa = PBXBuildFile; fileRef = A03650FD1CFA128600DBA6A7 /* GCDBlackBox.swift */; };
		A03651001CFA17D800DBA6A7 /* TableTabViewController.swift in Sources */ = {isa = PBXBuildFile; fileRef = A03650FF1CFA17D800DBA6A7 /* TableTabViewController.swift */; };
		A03651021CFA254400DBA6A7 /* StudentInformation.swift in Sources */ = {isa = PBXBuildFile; fileRef = A03651011CFA254400DBA6A7 /* StudentInformation.swift */; };
		A03651041CFA257200DBA6A7 /* ParseClient.swift in Sources */ = {isa = PBXBuildFile; fileRef = A03651031CFA257200DBA6A7 /* ParseClient.swift */; };
		A03E7A221CFFB88B00646D10 /* InformationPostingViewController.swift in Sources */ = {isa = PBXBuildFile; fileRef = A03E7A211CFFB88B00646D10 /* InformationPostingViewController.swift */; };
		A05D262F1D0094FA00146408 /* ParseConstants.swift in Sources */ = {isa = PBXBuildFile; fileRef = A05D262E1D0094FA00146408 /* ParseConstants.swift */; };
		A05D26311D009A5900146408 /* ParseConvenience.swift in Sources */ = {isa = PBXBuildFile; fileRef = A05D26301D009A5900146408 /* ParseConvenience.swift */; };
		A072D3A11D01F7B200E60B7C /* UIViewController.swift in Sources */ = {isa = PBXBuildFile; fileRef = A072D3A01D01F7B200E60B7C /* UIViewController.swift */; };
		A093D3951CFDFBC1004430EC /* StudentsInformation.swift in Sources */ = {isa = PBXBuildFile; fileRef = A093D3941CFDFBC1004430EC /* StudentsInformation.swift */; };
		A0C37D311D012384004B625F /* UConvenience.swift in Sources */ = {isa = PBXBuildFile; fileRef = A0C37D301D012384004B625F /* UConvenience.swift */; };
		A0C37D331D01240C004B625F /* UConstants.swift in Sources */ = {isa = PBXBuildFile; fileRef = A0C37D321D01240C004B625F /* UConstants.swift */; };
/* End PBXBuildFile section */

/* Begin PBXFileReference section */
		A01257191CF608BB0040275E /* On The Map.app */ = {isa = PBXFileReference; explicitFileType = wrapper.application; includeInIndex = 0; path = "On The Map.app"; sourceTree = BUILT_PRODUCTS_DIR; };
		A012571C1CF608BB0040275E /* AppDelegate.swift */ = {isa = PBXFileReference; lastKnownFileType = sourcecode.swift; path = AppDelegate.swift; sourceTree = "<group>"; };
		A012571E1CF608BB0040275E /* LoginViewController.swift */ = {isa = PBXFileReference; lastKnownFileType = sourcecode.swift; path = LoginViewController.swift; sourceTree = "<group>"; };
		A01257211CF608BB0040275E /* Base */ = {isa = PBXFileReference; lastKnownFileType = file.storyboard; name = Base; path = Base.lproj/Main.storyboard; sourceTree = "<group>"; };
		A01257231CF608BB0040275E /* Assets.xcassets */ = {isa = PBXFileReference; lastKnownFileType = folder.assetcatalog; path = Assets.xcassets; sourceTree = "<group>"; };
		A01257261CF608BB0040275E /* Base */ = {isa = PBXFileReference; lastKnownFileType = file.storyboard; name = Base; path = Base.lproj/LaunchScreen.storyboard; sourceTree = "<group>"; };
		A01257281CF608BC0040275E /* Info.plist */ = {isa = PBXFileReference; lastKnownFileType = text.plist.xml; path = Info.plist; sourceTree = "<group>"; };
		A01257311CF7BE120040275E /* UClient.swift */ = {isa = PBXFileReference; fileEncoding = 4; lastKnownFileType = sourcecode.swift; path = UClient.swift; sourceTree = "<group>"; };
		A03650FB1CFA104700DBA6A7 /* MapTabViewController.swift */ = {isa = PBXFileReference; fileEncoding = 4; lastKnownFileType = sourcecode.swift; path = MapTabViewController.swift; sourceTree = "<group>"; };
		A03650FD1CFA128600DBA6A7 /* GCDBlackBox.swift */ = {isa = PBXFileReference; fileEncoding = 4; lastKnownFileType = sourcecode.swift; path = GCDBlackBox.swift; sourceTree = "<group>"; };
		A03650FF1CFA17D800DBA6A7 /* TableTabViewController.swift */ = {isa = PBXFileReference; fileEncoding = 4; lastKnownFileType = sourcecode.swift; lineEnding = 0; path = TableTabViewController.swift; sourceTree = "<group>"; xcLanguageSpecificationIdentifier = xcode.lang.swift; };
		A03651011CFA254400DBA6A7 /* StudentInformation.swift */ = {isa = PBXFileReference; fileEncoding = 4; lastKnownFileType = sourcecode.swift; lineEnding = 0; path = StudentInformation.swift; sourceTree = "<group>"; xcLanguageSpecificationIdentifier = xcode.lang.swift; };
		A03651031CFA257200DBA6A7 /* ParseClient.swift */ = {isa = PBXFileReference; fileEncoding = 4; lastKnownFileType = sourcecode.swift; lineEnding = 0; path = ParseClient.swift; sourceTree = "<group>"; xcLanguageSpecificationIdentifier = xcode.lang.swift; };
		A03E7A211CFFB88B00646D10 /* InformationPostingViewController.swift */ = {isa = PBXFileReference; fileEncoding = 4; lastKnownFileType = sourcecode.swift; path = InformationPostingViewController.swift; sourceTree = "<group>"; };
		A05D262E1D0094FA00146408 /* ParseConstants.swift */ = {isa = PBXFileReference; fileEncoding = 4; lastKnownFileType = sourcecode.swift; path = ParseConstants.swift; sourceTree = "<group>"; };
		A05D26301D009A5900146408 /* ParseConvenience.swift */ = {isa = PBXFileReference; fileEncoding = 4; lastKnownFileType = sourcecode.swift; path = ParseConvenience.swift; sourceTree = "<group>"; };
		A072D3A01D01F7B200E60B7C /* UIViewController.swift */ = {isa = PBXFileReference; fileEncoding = 4; lastKnownFileType = sourcecode.swift; path = UIViewController.swift; sourceTree = "<group>"; };
		A093D3941CFDFBC1004430EC /* StudentsInformation.swift */ = {isa = PBXFileReference; fileEncoding = 4; lastKnownFileType = sourcecode.swift; lineEnding = 0; path = StudentsInformation.swift; sourceTree = "<group>"; xcLanguageSpecificationIdentifier = xcode.lang.swift; };
		A0C37D301D012384004B625F /* UConvenience.swift */ = {isa = PBXFileReference; fileEncoding = 4; lastKnownFileType = sourcecode.swift; path = UConvenience.swift; sourceTree = "<group>"; };
		A0C37D321D01240C004B625F /* UConstants.swift */ = {isa = PBXFileReference; fileEncoding = 4; lastKnownFileType = sourcecode.swift; path = UConstants.swift; sourceTree = "<group>"; };
/* End PBXFileReference section */

/* Begin PBXFrameworksBuildPhase section */
		A01257161CF608BB0040275E /* Frameworks */ = {
			isa = PBXFrameworksBuildPhase;
			buildActionMask = 2147483647;
			files = (
			);
			runOnlyForDeploymentPostprocessing = 0;
		};
/* End PBXFrameworksBuildPhase section */

/* Begin PBXGroup section */
		A01257101CF608BB0040275E = {
			isa = PBXGroup;
			children = (
				A012571B1CF608BB0040275E /* On The Map */,
				A012571A1CF608BB0040275E /* Products */,
			);
			sourceTree = "<group>";
		};
		A012571A1CF608BB0040275E /* Products */ = {
			isa = PBXGroup;
			children = (
				A01257191CF608BB0040275E /* On The Map.app */,
			);
			name = Products;
			sourceTree = "<group>";
		};
		A012571B1CF608BB0040275E /* On The Map */ = {
			isa = PBXGroup;
			children = (
				A012571C1CF608BB0040275E /* AppDelegate.swift */,
				A012572E1CF6092E0040275E /* Model */,
				A01257301CF609390040275E /* Controller */,
				A01257201CF608BB0040275E /* Main.storyboard */,
				A01257231CF608BB0040275E /* Assets.xcassets */,
				A01257251CF608BB0040275E /* LaunchScreen.storyboard */,
				A01257281CF608BC0040275E /* Info.plist */,
				A03650FD1CFA128600DBA6A7 /* GCDBlackBox.swift */,
			);
			path = "On The Map";
			sourceTree = "<group>";
		};
		A012572E1CF6092E0040275E /* Model */ = {
			isa = PBXGroup;
			children = (
				A01257311CF7BE120040275E /* UClient.swift */,
				A0C37D301D012384004B625F /* UConvenience.swift */,
				A0C37D321D01240C004B625F /* UConstants.swift */,
				A03651031CFA257200DBA6A7 /* ParseClient.swift */,
				A05D262E1D0094FA00146408 /* ParseConstants.swift */,
				A05D26301D009A5900146408 /* ParseConvenience.swift */,
				A03651011CFA254400DBA6A7 /* StudentInformation.swift */,
				A093D3941CFDFBC1004430EC /* StudentsInformation.swift */,
			);
			name = Model;
			sourceTree = "<group>";
		};
		A01257301CF609390040275E /* Controller */ = {
			isa = PBXGroup;
			children = (
				A012571E1CF608BB0040275E /* LoginViewController.swift */,
				A03650FB1CFA104700DBA6A7 /* MapTabViewController.swift */,
				A03650FF1CFA17D800DBA6A7 /* TableTabViewController.swift */,
				A03E7A211CFFB88B00646D10 /* InformationPostingViewController.swift */,
				A072D3A01D01F7B200E60B7C /* UIViewController.swift */,
			);
			name = Controller;
			sourceTree = "<group>";
		};
/* End PBXGroup section */

/* Begin PBXNativeTarget section */
		A01257181CF608BB0040275E /* On The Map */ = {
			isa = PBXNativeTarget;
			buildConfigurationList = A012572B1CF608BC0040275E /* Build configuration list for PBXNativeTarget "On The Map" */;
			buildPhases = (
				A01257151CF608BB0040275E /* Sources */,
				A01257161CF608BB0040275E /* Frameworks */,
				A01257171CF608BB0040275E /* Resources */,
			);
			buildRules = (
			);
			dependencies = (
			);
			name = "On The Map";
			productName = "On The Map";
			productReference = A01257191CF608BB0040275E /* On The Map.app */;
			productType = "com.apple.product-type.application";
		};
/* End PBXNativeTarget section */

/* Begin PBXProject section */
		A01257111CF608BB0040275E /* Project object */ = {
			isa = PBXProject;
			attributes = {
				LastSwiftUpdateCheck = 0730;
				LastUpgradeCheck = 0730;
				ORGANIZATIONNAME = "Raghav Mangrola";
				TargetAttributes = {
					A01257181CF608BB0040275E = {
						CreatedOnToolsVersion = 7.3.1;
					};
				};
			};
			buildConfigurationList = A01257141CF608BB0040275E /* Build configuration list for PBXProject "On The Map" */;
			compatibilityVersion = "Xcode 3.2";
			developmentRegion = English;
			hasScannedForEncodings = 0;
			knownRegions = (
				en,
				Base,
			);
			mainGroup = A01257101CF608BB0040275E;
			productRefGroup = A012571A1CF608BB0040275E /* Products */;
			projectDirPath = "";
			projectRoot = "";
			targets = (
				A01257181CF608BB0040275E /* On The Map */,
			);
		};
/* End PBXProject section */

/* Begin PBXResourcesBuildPhase section */
		A01257171CF608BB0040275E /* Resources */ = {
			isa = PBXResourcesBuildPhase;
			buildActionMask = 2147483647;
			files = (
				A01257271CF608BB0040275E /* LaunchScreen.storyboard in Resources */,
				A01257241CF608BB0040275E /* Assets.xcassets in Resources */,
				A01257221CF608BB0040275E /* Main.storyboard in Resources */,
			);
			runOnlyForDeploymentPostprocessing = 0;
		};
/* End PBXResourcesBuildPhase section */

/* Begin PBXSourcesBuildPhase section */
		A01257151CF608BB0040275E /* Sources */ = {
			isa = PBXSourcesBuildPhase;
			buildActionMask = 2147483647;
			files = (
				A05D26311D009A5900146408 /* ParseConvenience.swift in Sources */,
				A012571F1CF608BB0040275E /* LoginViewController.swift in Sources */,
				A01257321CF7BE120040275E /* UClient.swift in Sources */,
				A03651021CFA254400DBA6A7 /* StudentInformation.swift in Sources */,
				A03650FC1CFA104700DBA6A7 /* MapTabViewController.swift in Sources */,
				A093D3951CFDFBC1004430EC /* StudentsInformation.swift in Sources */,
				A05D262F1D0094FA00146408 /* ParseConstants.swift in Sources */,
				A012571D1CF608BB0040275E /* AppDelegate.swift in Sources */,
				A03E7A221CFFB88B00646D10 /* InformationPostingViewController.swift in Sources */,
				A0C37D331D01240C004B625F /* UConstants.swift in Sources */,
				A03650FE1CFA128600DBA6A7 /* GCDBlackBox.swift in Sources */,
				A03651041CFA257200DBA6A7 /* ParseClient.swift in Sources */,
				A0C37D311D012384004B625F /* UConvenience.swift in Sources */,
				A03651001CFA17D800DBA6A7 /* TableTabViewController.swift in Sources */,
				A072D3A11D01F7B200E60B7C /* UIViewController.swift in Sources */,
			);
			runOnlyForDeploymentPostprocessing = 0;
		};
/* End PBXSourcesBuildPhase section */

/* Begin PBXVariantGroup section */
		A01257201CF608BB0040275E /* Main.storyboard */ = {
			isa = PBXVariantGroup;
			children = (
				A01257211CF608BB0040275E /* Base */,
			);
			name = Main.storyboard;
			sourceTree = "<group>";
		};
		A01257251CF608BB0040275E /* LaunchScreen.storyboard */ = {
			isa = PBXVariantGroup;
			children = (
				A01257261CF608BB0040275E /* Base */,
			);
			name = LaunchScreen.storyboard;
			sourceTree = "<group>";
		};
/* End PBXVariantGroup section */

/* Begin XCBuildConfiguration section */
		A01257291CF608BC0040275E /* Debug */ = {
			isa = XCBuildConfiguration;
			buildSettings = {
				ALWAYS_SEARCH_USER_PATHS = NO;
				CLANG_ANALYZER_NONNULL = YES;
				CLANG_CXX_LANGUAGE_STANDARD = "gnu++0x";
				CLANG_CXX_LIBRARY = "libc++";
				CLANG_ENABLE_MODULES = YES;
				CLANG_ENABLE_OBJC_ARC = YES;
				CLANG_WARN_BOOL_CONVERSION = YES;
				CLANG_WARN_CONSTANT_CONVERSION = YES;
				CLANG_WARN_DIRECT_OBJC_ISA_USAGE = YES_ERROR;
				CLANG_WARN_EMPTY_BODY = YES;
				CLANG_WARN_ENUM_CONVERSION = YES;
				CLANG_WARN_INT_CONVERSION = YES;
				CLANG_WARN_OBJC_ROOT_CLASS = YES_ERROR;
				CLANG_WARN_UNREACHABLE_CODE = YES;
				CLANG_WARN__DUPLICATE_METHOD_MATCH = YES;
				"CODE_SIGN_IDENTITY[sdk=iphoneos*]" = "iPhone Developer";
				COPY_PHASE_STRIP = NO;
				DEBUG_INFORMATION_FORMAT = dwarf;
				ENABLE_STRICT_OBJC_MSGSEND = YES;
				ENABLE_TESTABILITY = YES;
				GCC_C_LANGUAGE_STANDARD = gnu99;
				GCC_DYNAMIC_NO_PIC = NO;
				GCC_NO_COMMON_BLOCKS = YES;
				GCC_OPTIMIZATION_LEVEL = 0;
				GCC_PREPROCESSOR_DEFINITIONS = (
					"DEBUG=1",
					"$(inherited)",
				);
				GCC_WARN_64_TO_32_BIT_CONVERSION = YES;
				GCC_WARN_ABOUT_RETURN_TYPE = YES_ERROR;
				GCC_WARN_UNDECLARED_SELECTOR = YES;
				GCC_WARN_UNINITIALIZED_AUTOS = YES_AGGRESSIVE;
				GCC_WARN_UNUSED_FUNCTION = YES;
				GCC_WARN_UNUSED_VARIABLE = YES;
				IPHONEOS_DEPLOYMENT_TARGET = 9.3;
				MTL_ENABLE_DEBUG_INFO = YES;
				ONLY_ACTIVE_ARCH = YES;
				SDKROOT = iphoneos;
				SWIFT_OPTIMIZATION_LEVEL = "-Onone";
			};
			name = Debug;
		};
		A012572A1CF608BC0040275E /* Release */ = {
			isa = XCBuildConfiguration;
			buildSettings = {
				ALWAYS_SEARCH_USER_PATHS = NO;
				CLANG_ANALYZER_NONNULL = YES;
				CLANG_CXX_LANGUAGE_STANDARD = "gnu++0x";
				CLANG_CXX_LIBRARY = "libc++";
				CLANG_ENABLE_MODULES = YES;
				CLANG_ENABLE_OBJC_ARC = YES;
				CLANG_WARN_BOOL_CONVERSION = YES;
				CLANG_WARN_CONSTANT_CONVERSION = YES;
				CLANG_WARN_DIRECT_OBJC_ISA_USAGE = YES_ERROR;
				CLANG_WARN_EMPTY_BODY = YES;
				CLANG_WARN_ENUM_CONVERSION = YES;
				CLANG_WARN_INT_CONVERSION = YES;
				CLANG_WARN_OBJC_ROOT_CLASS = YES_ERROR;
				CLANG_WARN_UNREACHABLE_CODE = YES;
				CLANG_WARN__DUPLICATE_METHOD_MATCH = YES;
				"CODE_SIGN_IDENTITY[sdk=iphoneos*]" = "iPhone Developer";
				COPY_PHASE_STRIP = NO;
				DEBUG_INFORMATION_FORMAT = "dwarf-with-dsym";
				ENABLE_NS_ASSERTIONS = NO;
				ENABLE_STRICT_OBJC_MSGSEND = YES;
				GCC_C_LANGUAGE_STANDARD = gnu99;
				GCC_NO_COMMON_BLOCKS = YES;
				GCC_WARN_64_TO_32_BIT_CONVERSION = YES;
				GCC_WARN_ABOUT_RETURN_TYPE = YES_ERROR;
				GCC_WARN_UNDECLARED_SELECTOR = YES;
				GCC_WARN_UNINITIALIZED_AUTOS = YES_AGGRESSIVE;
				GCC_WARN_UNUSED_FUNCTION = YES;
				GCC_WARN_UNUSED_VARIABLE = YES;
				IPHONEOS_DEPLOYMENT_TARGET = 9.3;
				MTL_ENABLE_DEBUG_INFO = NO;
				SDKROOT = iphoneos;
				VALIDATE_PRODUCT = YES;
			};
			name = Release;
		};
		A012572C1CF608BC0040275E /* Debug */ = {
			isa = XCBuildConfiguration;
			buildSettings = {
				ASSETCATALOG_COMPILER_APPICON_NAME = AppIcon;
				INFOPLIST_FILE = "On The Map/Info.plist";
				LD_RUNPATH_SEARCH_PATHS = "$(inherited) @executable_path/Frameworks";
				PRODUCT_BUNDLE_IDENTIFIER = "com.RaghavM.On-The-Map";
				PRODUCT_NAME = "$(TARGET_NAME)";
			};
			name = Debug;
		};
		A012572D1CF608BC0040275E /* Release */ = {
			isa = XCBuildConfiguration;
			buildSettings = {
				ASSETCATALOG_COMPILER_APPICON_NAME = AppIcon;
				INFOPLIST_FILE = "On The Map/Info.plist";
				LD_RUNPATH_SEARCH_PATHS = "$(inherited) @executable_path/Frameworks";
				PRODUCT_BUNDLE_IDENTIFIER = "com.RaghavM.On-The-Map";
				PRODUCT_NAME = "$(TARGET_NAME)";
			};
			name = Release;
		};
/* End XCBuildConfiguration section */

/* Begin XCConfigurationList section */
		A01257141CF608BB0040275E /* Build configuration list for PBXProject "On The Map" */ = {
			isa = XCConfigurationList;
			buildConfigurations = (
				A01257291CF608BC0040275E /* Debug */,
				A012572A1CF608BC0040275E /* Release */,
			);
			defaultConfigurationIsVisible = 0;
			defaultConfigurationName = Release;
		};
		A012572B1CF608BC0040275E /* Build configuration list for PBXNativeTarget "On The Map" */ = {
			isa = XCConfigurationList;
			buildConfigurations = (
				A012572C1CF608BC0040275E /* Debug */,
				A012572D1CF608BC0040275E /* Release */,
			);
			defaultConfigurationIsVisible = 0;
			defaultConfigurationName = Release;
		};
/* End XCConfigurationList section */
	};
	rootObject = A01257111CF608BB0040275E /* Project object */;
}
